
Microsoft Visual Studio Solution File, Format Version 12.00
# Visual Studio Version 17
VisualStudioVersion = 17.9.34728.123
MinimumVisualStudioVersion = 10.0.40219.1
Project("{FAE04EC0-301F-11D3-BF4B-00C04F79EFBC}") = "Topia", "Topia.csproj", "{858B855F-B1E8-4846-9AC1-E32910095F54}"
EndProject
Global
	GlobalSection(SolutionConfigurationPlatforms) = preSolution
		Debug|Any CPU = Debug|Any CPU
		Release|Any CPU = Release|Any CPU
	EndGlobalSection
	GlobalSection(ProjectConfigurationPlatforms) = postSolution
		{858B855F-B1E8-4846-9AC1-E32910095F54}.Debug|Any CPU.ActiveCfg = Debug|Any CPU
		{858B855F-B1E8-4846-9AC1-E32910095F54}.Debug|Any CPU.Build.0 = Debug|Any CPU
		{858B855F-B1E8-4846-9AC1-E32910095F54}.Release|Any CPU.ActiveCfg = Release|Any CPU
		{858B855F-B1E8-4846-9AC1-E32910095F54}.Release|Any CPU.Build.0 = Release|Any CPU
	EndGlobalSection
	GlobalSection(SolutionProperties) = preSolution
		HideSolutionNode = FALSE
	EndGlobalSection
	GlobalSection(ExtensibilityGlobals) = postSolution
		SolutionGuid = {F06803F8-2ECB-4428-8763-1231FCCFC16E}
	EndGlobalSection
EndGlobal
